
Microsoft Visual Studio Solution File, Format Version 12.00
# Visual Studio Version 16
VisualStudioVersion = 16.0.31729.503
MinimumVisualStudioVersion = 10.0.40219.1
Project("{FAE04EC0-301F-11D3-BF4B-00C04F79EFBC}") = "Client", "Client\Client.csproj", "{F449ACF0-EAFD-4B66-9B5C-E654797EBEF8}"
EndProject
Project("{FAE04EC0-301F-11D3-BF4B-00C04F79EFBC}") = "Service", "Service\Service.csproj", "{A26D3F31-FC8B-4B00-A527-1AF73F829C05}"
EndProject
Project("{2150E333-8FDC-42A3-9474-1A3956D46DE8}") = "Admin", "Admin", "{54B748FA-3E09-4780-956C-0495DA7E2134}"
EndProject
Project("{FAE04EC0-301F-11D3-BF4B-00C04F79EFBC}") = "OSSOBase.Admin.ClientApp", "Admin\OSSOBase.Admin.ClientApp\OSSOBase.Admin.ClientApp.csproj", "{BD12663F-CB80-4805-8612-BD679FC604D4}"
EndProject
Global
	GlobalSection(SolutionConfigurationPlatforms) = preSolution
		Debug|Any CPU = Debug|Any CPU
		Release|Any CPU = Release|Any CPU
	EndGlobalSection
	GlobalSection(ProjectConfigurationPlatforms) = postSolution
		{F449ACF0-EAFD-4B66-9B5C-E654797EBEF8}.Debug|Any CPU.ActiveCfg = Debug|Any CPU
		{F449ACF0-EAFD-4B66-9B5C-E654797EBEF8}.Debug|Any CPU.Build.0 = Debug|Any CPU
		{F449ACF0-EAFD-4B66-9B5C-E654797EBEF8}.Release|Any CPU.ActiveCfg = Release|Any CPU
		{F449ACF0-EAFD-4B66-9B5C-E654797EBEF8}.Release|Any CPU.Build.0 = Release|Any CPU
		{A26D3F31-FC8B-4B00-A527-1AF73F829C05}.Debug|Any CPU.ActiveCfg = Debug|Any CPU
		{A26D3F31-FC8B-4B00-A527-1AF73F829C05}.Debug|Any CPU.Build.0 = Debug|Any CPU
		{A26D3F31-FC8B-4B00-A527-1AF73F829C05}.Release|Any CPU.ActiveCfg = Release|Any CPU
		{A26D3F31-FC8B-4B00-A527-1AF73F829C05}.Release|Any CPU.Build.0 = Release|Any CPU
		{BD12663F-CB80-4805-8612-BD679FC604D4}.Debug|Any CPU.ActiveCfg = Debug|Any CPU
		{BD12663F-CB80-4805-8612-BD679FC604D4}.Debug|Any CPU.Build.0 = Debug|Any CPU
		{BD12663F-CB80-4805-8612-BD679FC604D4}.Release|Any CPU.ActiveCfg = Release|Any CPU
		{BD12663F-CB80-4805-8612-BD679FC604D4}.Release|Any CPU.Build.0 = Release|Any CPU
	EndGlobalSection
	GlobalSection(SolutionProperties) = preSolution
		HideSolutionNode = FALSE
	EndGlobalSection
	GlobalSection(NestedProjects) = preSolution
		{BD12663F-CB80-4805-8612-BD679FC604D4} = {54B748FA-3E09-4780-956C-0495DA7E2134}
	EndGlobalSection
	GlobalSection(ExtensibilityGlobals) = postSolution
		SolutionGuid = {5AA479EE-ADBF-4428-81A1-F6C0E879718C}
	EndGlobalSection
EndGlobal
